
Microsoft Visual Studio Solution File, Format Version 12.00
# Visual Studio Version 16
VisualStudioVersion = 16.0.31410.357
MinimumVisualStudioVersion = 10.0.40219.1
Project("{9A19103F-16F7-4668-BE54-9A1E7A4F7556}") = "WebApi", "WebApi\WebApi.csproj", "{DD8B4F85-25DB-4E95-B4EA-E3F7115157CA}"
EndProject
Project("{9A19103F-16F7-4668-BE54-9A1E7A4F7556}") = "DAL", "DAL\DAL.csproj", "{E26A4F04-6AD4-4E6B-AF45-1574A941C2C6}"
EndProject
Project("{9A19103F-16F7-4668-BE54-9A1E7A4F7556}") = "Application", "Application\Application.csproj", "{BD47C3F4-45CE-48B8-AEDC-4230E275BA81}"
EndProject
Project("{2150E333-8FDC-42A3-9474-1A3956D46DE8}") = "Tests", "Tests", "{8F98CA27-1207-4F89-95E2-63B60DC2F5AA}"
EndProject
Project("{9A19103F-16F7-4668-BE54-9A1E7A4F7556}") = "AplicationTests", "AplicationTests\AplicationTests.csproj", "{221D2C1C-9B9D-438C-B064-C4857A534E9E}"
EndProject
Global
	GlobalSection(SolutionConfigurationPlatforms) = preSolution
		Debug|Any CPU = Debug|Any CPU
		Release|Any CPU = Release|Any CPU
	EndGlobalSection
	GlobalSection(ProjectConfigurationPlatforms) = postSolution
		{DD8B4F85-25DB-4E95-B4EA-E3F7115157CA}.Debug|Any CPU.ActiveCfg = Debug|Any CPU
		{DD8B4F85-25DB-4E95-B4EA-E3F7115157CA}.Debug|Any CPU.Build.0 = Debug|Any CPU
		{DD8B4F85-25DB-4E95-B4EA-E3F7115157CA}.Release|Any CPU.ActiveCfg = Release|Any CPU
		{DD8B4F85-25DB-4E95-B4EA-E3F7115157CA}.Release|Any CPU.Build.0 = Release|Any CPU
		{E26A4F04-6AD4-4E6B-AF45-1574A941C2C6}.Debug|Any CPU.ActiveCfg = Debug|Any CPU
		{E26A4F04-6AD4-4E6B-AF45-1574A941C2C6}.Debug|Any CPU.Build.0 = Debug|Any CPU
		{E26A4F04-6AD4-4E6B-AF45-1574A941C2C6}.Release|Any CPU.ActiveCfg = Release|Any CPU
		{E26A4F04-6AD4-4E6B-AF45-1574A941C2C6}.Release|Any CPU.Build.0 = Release|Any CPU
		{BD47C3F4-45CE-48B8-AEDC-4230E275BA81}.Debug|Any CPU.ActiveCfg = Debug|Any CPU
		{BD47C3F4-45CE-48B8-AEDC-4230E275BA81}.Debug|Any CPU.Build.0 = Debug|Any CPU
		{BD47C3F4-45CE-48B8-AEDC-4230E275BA81}.Release|Any CPU.ActiveCfg = Release|Any CPU
		{BD47C3F4-45CE-48B8-AEDC-4230E275BA81}.Release|Any CPU.Build.0 = Release|Any CPU
		{221D2C1C-9B9D-438C-B064-C4857A534E9E}.Debug|Any CPU.ActiveCfg = Debug|Any CPU
		{221D2C1C-9B9D-438C-B064-C4857A534E9E}.Debug|Any CPU.Build.0 = Debug|Any CPU
		{221D2C1C-9B9D-438C-B064-C4857A534E9E}.Release|Any CPU.ActiveCfg = Release|Any CPU
		{221D2C1C-9B9D-438C-B064-C4857A534E9E}.Release|Any CPU.Build.0 = Release|Any CPU
	EndGlobalSection
	GlobalSection(SolutionProperties) = preSolution
		HideSolutionNode = FALSE
	EndGlobalSection
	GlobalSection(NestedProjects) = preSolution
		{221D2C1C-9B9D-438C-B064-C4857A534E9E} = {8F98CA27-1207-4F89-95E2-63B60DC2F5AA}
	EndGlobalSection
	GlobalSection(ExtensibilityGlobals) = postSolution
		SolutionGuid = {C22A6D23-342A-4049-B5B3-0CE30582E25E}
	EndGlobalSection
EndGlobal
